
Microsoft Visual Studio Solution File, Format Version 12.00
# Visual Studio 14
VisualStudioVersion = 14.0.25420.1
MinimumVisualStudioVersion = 10.0.40219.1
Project("{FAE04EC0-301F-11D3-BF4B-00C04F79EFBC}") = "control", "control\control.csproj", "{0296F2FF-E7C1-4598-8E34-A5735D1BB607}"
	ProjectSection(ProjectDependencies) = postProject
		{437DB1F2-F6A7-482D-9FF3-37DB7E3771C7} = {437DB1F2-F6A7-482D-9FF3-37DB7E3771C7}
	EndProjectSection
EndProject
Project("{FAE04EC0-301F-11D3-BF4B-00C04F79EFBC}") = "ACMEControl", "..\..\..\GA\GACU_WPF\trunk\WPF_Trunk\source\GaNet\ACMEControl\ACMEControl.csproj", "{437DB1F2-F6A7-482D-9FF3-37DB7E3771C7}"
EndProject
Global
	GlobalSection(SolutionConfigurationPlatforms) = preSolution
		Debug|Any CPU = Debug|Any CPU
		Debug|x64 = Debug|x64
		Debug|x86 = Debug|x86
		Release|Any CPU = Release|Any CPU
		Release|x64 = Release|x64
		Release|x86 = Release|x86
	EndGlobalSection
	GlobalSection(ProjectConfigurationPlatforms) = postSolution
		{0296F2FF-E7C1-4598-8E34-A5735D1BB607}.Debug|Any CPU.ActiveCfg = Debug|Any CPU
		{0296F2FF-E7C1-4598-8E34-A5735D1BB607}.Debug|Any CPU.Build.0 = Debug|Any CPU
		{0296F2FF-E7C1-4598-8E34-A5735D1BB607}.Debug|x64.ActiveCfg = Debug|Any CPU
		{0296F2FF-E7C1-4598-8E34-A5735D1BB607}.Debug|x64.Build.0 = Debug|Any CPU
		{0296F2FF-E7C1-4598-8E34-A5735D1BB607}.Debug|x86.ActiveCfg = Debug|x86
		{0296F2FF-E7C1-4598-8E34-A5735D1BB607}.Debug|x86.Build.0 = Debug|x86
		{0296F2FF-E7C1-4598-8E34-A5735D1BB607}.Release|Any CPU.ActiveCfg = Release|Any CPU
		{0296F2FF-E7C1-4598-8E34-A5735D1BB607}.Release|Any CPU.Build.0 = Release|Any CPU
		{0296F2FF-E7C1-4598-8E34-A5735D1BB607}.Release|x64.ActiveCfg = Release|Any CPU
		{0296F2FF-E7C1-4598-8E34-A5735D1BB607}.Release|x64.Build.0 = Release|Any CPU
		{0296F2FF-E7C1-4598-8E34-A5735D1BB607}.Release|x86.ActiveCfg = Release|Any CPU
		{0296F2FF-E7C1-4598-8E34-A5735D1BB607}.Release|x86.Build.0 = Release|Any CPU
		{0296F2FF-E7C1-4598-8E34-A5735D1BB607}.Release|x86.Deploy.0 = Release|Any CPU
		{437DB1F2-F6A7-482D-9FF3-37DB7E3771C7}.Debug|Any CPU.ActiveCfg = Debug|x86
		{437DB1F2-F6A7-482D-9FF3-37DB7E3771C7}.Debug|x64.ActiveCfg = Debug|x64
		{437DB1F2-F6A7-482D-9FF3-37DB7E3771C7}.Debug|x64.Build.0 = Debug|x64
		{437DB1F2-F6A7-482D-9FF3-37DB7E3771C7}.Debug|x86.ActiveCfg = Debug|x86
		{437DB1F2-F6A7-482D-9FF3-37DB7E3771C7}.Debug|x86.Build.0 = Debug|x86
		{437DB1F2-F6A7-482D-9FF3-37DB7E3771C7}.Release|Any CPU.ActiveCfg = Release|x86
		{437DB1F2-F6A7-482D-9FF3-37DB7E3771C7}.Release|x64.ActiveCfg = Release|x64
		{437DB1F2-F6A7-482D-9FF3-37DB7E3771C7}.Release|x64.Build.0 = Release|x64
		{437DB1F2-F6A7-482D-9FF3-37DB7E3771C7}.Release|x86.ActiveCfg = Release|x86
		{437DB1F2-F6A7-482D-9FF3-37DB7E3771C7}.Release|x86.Build.0 = Release|x86
		{437DB1F2-F6A7-482D-9FF3-37DB7E3771C7}.Release|x86.Deploy.0 = Release|x86
	EndGlobalSection
	GlobalSection(SolutionProperties) = preSolution
		HideSolutionNode = FALSE
	EndGlobalSection
EndGlobal
